
Microsoft Visual Studio Solution File, Format Version 12.00
# Visual Studio Version 17
VisualStudioVersion = 17.9.34607.119
MinimumVisualStudioVersion = 10.0.40219.1
Project("{FAE04EC0-301F-11D3-BF4B-00C04F79EFBC}") = "CombinatoricsOperations", "CombinatoricsOperations\CombinatoricsOperations.csproj", "{58B3C04F-DF3B-42AD-9AD5-2A33B8DC26D2}"
EndProject
Global
	GlobalSection(SolutionConfigurationPlatforms) = preSolution
		Debug|Any CPU = Debug|Any CPU
		Release|Any CPU = Release|Any CPU
	EndGlobalSection
	GlobalSection(ProjectConfigurationPlatforms) = postSolution
		{58B3C04F-DF3B-42AD-9AD5-2A33B8DC26D2}.Debug|Any CPU.ActiveCfg = Debug|Any CPU
		{58B3C04F-DF3B-42AD-9AD5-2A33B8DC26D2}.Debug|Any CPU.Build.0 = Debug|Any CPU
		{58B3C04F-DF3B-42AD-9AD5-2A33B8DC26D2}.Release|Any CPU.ActiveCfg = Release|Any CPU
		{58B3C04F-DF3B-42AD-9AD5-2A33B8DC26D2}.Release|Any CPU.Build.0 = Release|Any CPU
	EndGlobalSection
	GlobalSection(SolutionProperties) = preSolution
		HideSolutionNode = FALSE
	EndGlobalSection
	GlobalSection(ExtensibilityGlobals) = postSolution
		SolutionGuid = {C950DD46-8FB0-4148-AF90-DB647E2486B9}
	EndGlobalSection
EndGlobal
